
Microsoft Visual Studio Solution File, Format Version 12.00
# Visual Studio Version 16
VisualStudioVersion = 16.0.33027.164
MinimumVisualStudioVersion = 10.0.40219.1
Project("{FAE04EC0-301F-11D3-BF4B-00C04F79EFBC}") = "JobBoardManagement.Server", "JobBoardManagement\Server\JobBoardManagement.Server.csproj", "{6F52B084-7F72-4016-AD38-A37D92FEF381}"
EndProject
Project("{FAE04EC0-301F-11D3-BF4B-00C04F79EFBC}") = "JobBoardManagement.Client", "JobBoardManagement\Client\JobBoardManagement.Client.csproj", "{C72F14BC-D799-479C-9445-3AEA2FC8D482}"
EndProject
Project("{FAE04EC0-301F-11D3-BF4B-00C04F79EFBC}") = "JobBoardManagement.Shared", "JobBoardManagement\Shared\JobBoardManagement.Shared.csproj", "{5EB2D7B8-67EE-429F-8DA2-7C03D7E4101C}"
EndProject
Global
	GlobalSection(SolutionConfigurationPlatforms) = preSolution
		Debug|Any CPU = Debug|Any CPU
		Release|Any CPU = Release|Any CPU
	EndGlobalSection
	GlobalSection(ProjectConfigurationPlatforms) = postSolution
		{6F52B084-7F72-4016-AD38-A37D92FEF381}.Debug|Any CPU.ActiveCfg = Debug|Any CPU
		{6F52B084-7F72-4016-AD38-A37D92FEF381}.Debug|Any CPU.Build.0 = Debug|Any CPU
		{6F52B084-7F72-4016-AD38-A37D92FEF381}.Release|Any CPU.ActiveCfg = Release|Any CPU
		{6F52B084-7F72-4016-AD38-A37D92FEF381}.Release|Any CPU.Build.0 = Release|Any CPU
		{C72F14BC-D799-479C-9445-3AEA2FC8D482}.Debug|Any CPU.ActiveCfg = Debug|Any CPU
		{C72F14BC-D799-479C-9445-3AEA2FC8D482}.Debug|Any CPU.Build.0 = Debug|Any CPU
		{C72F14BC-D799-479C-9445-3AEA2FC8D482}.Release|Any CPU.ActiveCfg = Release|Any CPU
		{C72F14BC-D799-479C-9445-3AEA2FC8D482}.Release|Any CPU.Build.0 = Release|Any CPU
		{5EB2D7B8-67EE-429F-8DA2-7C03D7E4101C}.Debug|Any CPU.ActiveCfg = Debug|Any CPU
		{5EB2D7B8-67EE-429F-8DA2-7C03D7E4101C}.Debug|Any CPU.Build.0 = Debug|Any CPU
		{5EB2D7B8-67EE-429F-8DA2-7C03D7E4101C}.Release|Any CPU.ActiveCfg = Release|Any CPU
		{5EB2D7B8-67EE-429F-8DA2-7C03D7E4101C}.Release|Any CPU.Build.0 = Release|Any CPU
	EndGlobalSection
	GlobalSection(SolutionProperties) = preSolution
		HideSolutionNode = FALSE
	EndGlobalSection
	GlobalSection(ExtensibilityGlobals) = postSolution
		SolutionGuid = {8A44AE4F-1DC7-4F82-9B96-3F81BB658FB3}
	EndGlobalSection
EndGlobal
